github.com/beevik/etree v1.2.0 h1:l7WETslUG/T+xOPs47dtd6jov2Ii/8/OjCldk5fYfQw=
github.com/beevik/etree v1.2.0/go.mod h1:aiPf89g/1k3AShMVAzriilpcE4R/Vuor90y83zVZWFc=
github.com/google/uuid v1.6.0 h1:NIvaJDMOsjHA8n1jAhLSgzrAzy1Hgr+hNrb57e+94F0=
github.com/google/uuid v1.6.0/go.mod h1:TIyPZe4MgqvfeYDBFedMoGGpEw/LqOeaOT+nhxU+yHo=
github.com/ogen-go/ogen v1.4.0 h1:8xNMwpvQwCxPTL2hypn60qnjiijoVzxlB9j/MOf/34U=
github.com/ogen-go/ogen v1.4.0/go.mod h1:YeliH7gAS6QToqDqIM5BrnEUOiXiqCnNqNwzEpebDsY=
