github.com/beevik/etree v1.1.0 h1:T0xke/WvNtMoCqgzPhkX2r4rjY3GDZFi+FjpRZY2Jbs=
github.com/beevik/etree v1.1.0/go.mod h1:r8Aw8JqVegEf0w2fDnATrX9VpkMcyFeM0FhwO62wh+A=
github.com/beevik/etree v1.4.0 h1:oz1UedHRepuY3p4N5OjE0nK1WLCqtzHf25bxplKOHLs=
github.com/beevik/etree v1.4.0/go.mod h1:cyWiXwGoasx60gHvtnEh5x8+uIjUVnjWqBvEnhnqKDA=
